
Microsoft Visual Studio Solution File, Format Version 12.00
# Visual Studio Version 18
VisualStudioVersion = 18.6.11806.211
MinimumVisualStudioVersion = 10.0.40219.1
Project("{FAE04EC0-301F-11D3-BF4B-00C04F79EFBC}") = "Application", "Application\Application.csproj", "{68BF13E2-6D37-42AA-B270-61238D9B9B53}"
EndProject
Project("{FAE04EC0-301F-11D3-BF4B-00C04F79EFBC}") = "Persistence", "Persistence\Persistence.csproj", "{F852AE77-2801-4C56-83A1-80E09A5B9E23}"
EndProject
Project("{2150E333-8FDC-42A3-9474-1A3956D46DE8}") = "ImportCost", "ImportCost", "{190AE4A8-0A78-4E6F-B605-0AA99BF2E545}"
EndProject
Project("{FAE04EC0-301F-11D3-BF4B-00C04F79EFBC}") = "ImportCost", "ImportCost\ImportCost.csproj", "{68AF2439-DC6A-469A-9793-87B04D4D7C2B}"
EndProject
Global
	GlobalSection(SolutionConfigurationPlatforms) = preSolution
		Debug|Any CPU = Debug|Any CPU
		Release|Any CPU = Release|Any CPU
	EndGlobalSection
	GlobalSection(ProjectConfigurationPlatforms) = postSolution
		{68BF13E2-6D37-42AA-B270-61238D9B9B53}.Debug|Any CPU.ActiveCfg = Debug|Any CPU
		{68BF13E2-6D37-42AA-B270-61238D9B9B53}.Debug|Any CPU.Build.0 = Debug|Any CPU
		{68BF13E2-6D37-42AA-B270-61238D9B9B53}.Release|Any CPU.ActiveCfg = Release|Any CPU
		{68BF13E2-6D37-42AA-B270-61238D9B9B53}.Release|Any CPU.Build.0 = Release|Any CPU
		{F852AE77-2801-4C56-83A1-80E09A5B9E23}.Debug|Any CPU.ActiveCfg = Debug|Any CPU
		{F852AE77-2801-4C56-83A1-80E09A5B9E23}.Debug|Any CPU.Build.0 = Debug|Any CPU
		{F852AE77-2801-4C56-83A1-80E09A5B9E23}.Release|Any CPU.ActiveCfg = Release|Any CPU
		{F852AE77-2801-4C56-83A1-80E09A5B9E23}.Release|Any CPU.Build.0 = Release|Any CPU
		{68AF2439-DC6A-469A-9793-87B04D4D7C2B}.Debug|Any CPU.ActiveCfg = Debug|Any CPU
		{68AF2439-DC6A-469A-9793-87B04D4D7C2B}.Debug|Any CPU.Build.0 = Debug|Any CPU
		{68AF2439-DC6A-469A-9793-87B04D4D7C2B}.Release|Any CPU.ActiveCfg = Release|Any CPU
		{68AF2439-DC6A-469A-9793-87B04D4D7C2B}.Release|Any CPU.Build.0 = Release|Any CPU
	EndGlobalSection
	GlobalSection(SolutionProperties) = preSolution
		HideSolutionNode = FALSE
	EndGlobalSection
	GlobalSection(NestedProjects) = preSolution
		{68AF2439-DC6A-469A-9793-87B04D4D7C2B} = {190AE4A8-0A78-4E6F-B605-0AA99BF2E545}
	EndGlobalSection
	GlobalSection(ExtensibilityGlobals) = postSolution
		SolutionGuid = {24490907-2D9D-4C0D-ACF4-01594A246B95}
	EndGlobalSection
EndGlobal
